
Microsoft Visual Studio Solution File, Format Version 12.00
Project("{FAE04EC0-301F-11D3-BF4B-00C04F79EFBC}") = "HardcodingProblematic", "HardcodingProblematic\HardcodingProblematic.csproj", "{B7EE0FB7-112E-4577-9A23-AE1A858BEA7B}"
EndProject
Project("{FAE04EC0-301F-11D3-BF4B-00C04F79EFBC}") = "HardcodingRight", "HardcodingRight\HardcodingRight.csproj", "{43B5336A-9D7E-4069-BC28-DA770EF6303E}"
EndProject
Project("{2150E333-8FDC-42A3-9474-1A3956D46DE8}") = "lab1_Design_submitted", "lab1_Design_submitted", "{6E597E58-AAFC-4F68-BABD-3B8D331E701A}"
EndProject
Project("{2150E333-8FDC-42A3-9474-1A3956D46DE8}") = "lab2_SRP_submitted", "lab2_SRP_submitted", "{2B6ED7ED-87FA-4DB0-B894-618DE7922316}"
EndProject
Project("{FAE04EC0-301F-11D3-BF4B-00C04F79EFBC}") = "Problem_SRP", "Problem_SRP\Problem_SRP.csproj", "{3FA76F7E-545D-4DB1-887C-773CF5E9A916}"
EndProject
Project("{FAE04EC0-301F-11D3-BF4B-00C04F79EFBC}") = "Right_SRP", "Right_SRP\Right_SRP.csproj", "{4BE6FB89-7975-44AD-A8B4-EFF415532E48}"
EndProject
Project("{2150E333-8FDC-42A3-9474-1A3956D46DE8}") = "lab6_DIP_submitted", "lab6_DIP_submitted", "{1275A2CA-000D-4D86-8513-C4C226CF6AFD}"
EndProject
Project("{2150E333-8FDC-42A3-9474-1A3956D46DE8}") = "lab4_LSP", "lab4_LSP", "{78DB8F10-D4CF-4E59-B2A4-5C82C7C70A5B}"
EndProject
Project("{FAE04EC0-301F-11D3-BF4B-00C04F79EFBC}") = "Problem_LSP", "Problem_LSP\Problem_LSP.csproj", "{5E32736F-7FCC-4D73-BF12-6572F602B983}"
EndProject
Project("{FAE04EC0-301F-11D3-BF4B-00C04F79EFBC}") = "Right_LSP", "Right_LSP\Right_LSP.csproj", "{FEAD6181-0AE9-45FE-A51B-F908619B76C0}"
EndProject
Project("{FAE04EC0-301F-11D3-BF4B-00C04F79EFBC}") = "Problem_OCP", "Problem_OCP\Problem_OCP.csproj", "{B7BF3B1B-4940-4998-947A-DBB40C821A14}"
EndProject
Project("{FAE04EC0-301F-11D3-BF4B-00C04F79EFBC}") = "OCP", "OCP\OCP.csproj", "{33CC4DF6-B0CA-4EB0-AD1F-9A77FAF54481}"
EndProject
Project("{2150E333-8FDC-42A3-9474-1A3956D46DE8}") = "lab5_ISP_submitted", "lab5_ISP_submitted", "{56B66F6B-87FC-4EC4-83DD-1D0E72EEC240}"
EndProject
Project("{2150E333-8FDC-42A3-9474-1A3956D46DE8}") = "lab3_OCP", "lab3_OCP", "{605580C8-CEE0-4955-8048-A53D8B2F1C4D}"
EndProject
Project("{FAE04EC0-301F-11D3-BF4B-00C04F79EFBC}") = "Problema_OCP", "Problema_OCP\Problema_OCP.csproj", "{FEE06D80-62CC-46F3-9253-A7A7B094A457}"
EndProject
Project("{FAE04EC0-301F-11D3-BF4B-00C04F79EFBC}") = "Right_OCP1", "Right_OCP1\Right_OCP1.csproj", "{4E024B4C-518A-4CD2-84FF-B7328D1F5189}"
EndProject
Project("{FAE04EC0-301F-11D3-BF4B-00C04F79EFBC}") = "Problem_ISP", "Problem_ISP\Problem_ISP.csproj", "{0ABF218B-AC24-49E2-A0AC-296368D0F634}"
EndProject
Project("{FAE04EC0-301F-11D3-BF4B-00C04F79EFBC}") = "Right_ISP", "Right_ISP\Right_ISP.csproj", "{B10B713F-F0FE-4FB5-8643-A97C1799CEAB}"
EndProject
Project("{2150E333-8FDC-42A3-9474-1A3956D46DE8}") = "lab7_JUnit", "lab7_JUnit", "{645895FC-9FE5-4967-8D76-B5FF8D8AFA3B}"
EndProject
Project("{FAE04EC0-301F-11D3-BF4B-00C04F79EFBC}") = "JUnit1", "JUnit1\JUnit1.csproj", "{34A152E7-A4BB-41DA-B181-AFD51DB0DE81}"
EndProject
Global
	GlobalSection(SolutionConfigurationPlatforms) = preSolution
		Debug|Any CPU = Debug|Any CPU
		Release|Any CPU = Release|Any CPU
	EndGlobalSection
	GlobalSection(ProjectConfigurationPlatforms) = postSolution
		{B7EE0FB7-112E-4577-9A23-AE1A858BEA7B}.Debug|Any CPU.ActiveCfg = Debug|Any CPU
		{B7EE0FB7-112E-4577-9A23-AE1A858BEA7B}.Debug|Any CPU.Build.0 = Debug|Any CPU
		{B7EE0FB7-112E-4577-9A23-AE1A858BEA7B}.Release|Any CPU.ActiveCfg = Release|Any CPU
		{B7EE0FB7-112E-4577-9A23-AE1A858BEA7B}.Release|Any CPU.Build.0 = Release|Any CPU
		{43B5336A-9D7E-4069-BC28-DA770EF6303E}.Debug|Any CPU.ActiveCfg = Debug|Any CPU
		{43B5336A-9D7E-4069-BC28-DA770EF6303E}.Debug|Any CPU.Build.0 = Debug|Any CPU
		{43B5336A-9D7E-4069-BC28-DA770EF6303E}.Release|Any CPU.ActiveCfg = Release|Any CPU
		{43B5336A-9D7E-4069-BC28-DA770EF6303E}.Release|Any CPU.Build.0 = Release|Any CPU
		{3FA76F7E-545D-4DB1-887C-773CF5E9A916}.Debug|Any CPU.ActiveCfg = Debug|Any CPU
		{3FA76F7E-545D-4DB1-887C-773CF5E9A916}.Debug|Any CPU.Build.0 = Debug|Any CPU
		{3FA76F7E-545D-4DB1-887C-773CF5E9A916}.Release|Any CPU.ActiveCfg = Release|Any CPU
		{3FA76F7E-545D-4DB1-887C-773CF5E9A916}.Release|Any CPU.Build.0 = Release|Any CPU
		{4BE6FB89-7975-44AD-A8B4-EFF415532E48}.Debug|Any CPU.ActiveCfg = Debug|Any CPU
		{4BE6FB89-7975-44AD-A8B4-EFF415532E48}.Debug|Any CPU.Build.0 = Debug|Any CPU
		{4BE6FB89-7975-44AD-A8B4-EFF415532E48}.Release|Any CPU.ActiveCfg = Release|Any CPU
		{4BE6FB89-7975-44AD-A8B4-EFF415532E48}.Release|Any CPU.Build.0 = Release|Any CPU
		{5E32736F-7FCC-4D73-BF12-6572F602B983}.Debug|Any CPU.ActiveCfg = Debug|Any CPU
		{5E32736F-7FCC-4D73-BF12-6572F602B983}.Debug|Any CPU.Build.0 = Debug|Any CPU
		{5E32736F-7FCC-4D73-BF12-6572F602B983}.Release|Any CPU.ActiveCfg = Release|Any CPU
		{5E32736F-7FCC-4D73-BF12-6572F602B983}.Release|Any CPU.Build.0 = Release|Any CPU
		{FEAD6181-0AE9-45FE-A51B-F908619B76C0}.Debug|Any CPU.ActiveCfg = Debug|Any CPU
		{FEAD6181-0AE9-45FE-A51B-F908619B76C0}.Debug|Any CPU.Build.0 = Debug|Any CPU
		{FEAD6181-0AE9-45FE-A51B-F908619B76C0}.Release|Any CPU.ActiveCfg = Release|Any CPU
		{FEAD6181-0AE9-45FE-A51B-F908619B76C0}.Release|Any CPU.Build.0 = Release|Any CPU
		{B7BF3B1B-4940-4998-947A-DBB40C821A14}.Debug|Any CPU.ActiveCfg = Debug|Any CPU
		{B7BF3B1B-4940-4998-947A-DBB40C821A14}.Debug|Any CPU.Build.0 = Debug|Any CPU
		{B7BF3B1B-4940-4998-947A-DBB40C821A14}.Release|Any CPU.ActiveCfg = Release|Any CPU
		{B7BF3B1B-4940-4998-947A-DBB40C821A14}.Release|Any CPU.Build.0 = Release|Any CPU
		{33CC4DF6-B0CA-4EB0-AD1F-9A77FAF54481}.Debug|Any CPU.ActiveCfg = Debug|Any CPU
		{33CC4DF6-B0CA-4EB0-AD1F-9A77FAF54481}.Debug|Any CPU.Build.0 = Debug|Any CPU
		{33CC4DF6-B0CA-4EB0-AD1F-9A77FAF54481}.Release|Any CPU.ActiveCfg = Release|Any CPU
		{33CC4DF6-B0CA-4EB0-AD1F-9A77FAF54481}.Release|Any CPU.Build.0 = Release|Any CPU
		{FEE06D80-62CC-46F3-9253-A7A7B094A457}.Debug|Any CPU.ActiveCfg = Debug|Any CPU
		{FEE06D80-62CC-46F3-9253-A7A7B094A457}.Debug|Any CPU.Build.0 = Debug|Any CPU
		{FEE06D80-62CC-46F3-9253-A7A7B094A457}.Release|Any CPU.ActiveCfg = Release|Any CPU
		{FEE06D80-62CC-46F3-9253-A7A7B094A457}.Release|Any CPU.Build.0 = Release|Any CPU
		{4E024B4C-518A-4CD2-84FF-B7328D1F5189}.Debug|Any CPU.ActiveCfg = Debug|Any CPU
		{4E024B4C-518A-4CD2-84FF-B7328D1F5189}.Debug|Any CPU.Build.0 = Debug|Any CPU
		{4E024B4C-518A-4CD2-84FF-B7328D1F5189}.Release|Any CPU.ActiveCfg = Release|Any CPU
		{4E024B4C-518A-4CD2-84FF-B7328D1F5189}.Release|Any CPU.Build.0 = Release|Any CPU
		{0ABF218B-AC24-49E2-A0AC-296368D0F634}.Debug|Any CPU.ActiveCfg = Debug|Any CPU
		{0ABF218B-AC24-49E2-A0AC-296368D0F634}.Debug|Any CPU.Build.0 = Debug|Any CPU
		{0ABF218B-AC24-49E2-A0AC-296368D0F634}.Release|Any CPU.ActiveCfg = Release|Any CPU
		{0ABF218B-AC24-49E2-A0AC-296368D0F634}.Release|Any CPU.Build.0 = Release|Any CPU
		{B10B713F-F0FE-4FB5-8643-A97C1799CEAB}.Debug|Any CPU.ActiveCfg = Debug|Any CPU
		{B10B713F-F0FE-4FB5-8643-A97C1799CEAB}.Debug|Any CPU.Build.0 = Debug|Any CPU
		{B10B713F-F0FE-4FB5-8643-A97C1799CEAB}.Release|Any CPU.ActiveCfg = Release|Any CPU
		{B10B713F-F0FE-4FB5-8643-A97C1799CEAB}.Release|Any CPU.Build.0 = Release|Any CPU
		{34A152E7-A4BB-41DA-B181-AFD51DB0DE81}.Debug|Any CPU.ActiveCfg = Debug|Any CPU
		{34A152E7-A4BB-41DA-B181-AFD51DB0DE81}.Debug|Any CPU.Build.0 = Debug|Any CPU
		{34A152E7-A4BB-41DA-B181-AFD51DB0DE81}.Release|Any CPU.ActiveCfg = Release|Any CPU
		{34A152E7-A4BB-41DA-B181-AFD51DB0DE81}.Release|Any CPU.Build.0 = Release|Any CPU
	EndGlobalSection
	GlobalSection(NestedProjects) = preSolution
		{B7EE0FB7-112E-4577-9A23-AE1A858BEA7B} = {6E597E58-AAFC-4F68-BABD-3B8D331E701A}
		{43B5336A-9D7E-4069-BC28-DA770EF6303E} = {6E597E58-AAFC-4F68-BABD-3B8D331E701A}
		{3FA76F7E-545D-4DB1-887C-773CF5E9A916} = {2B6ED7ED-87FA-4DB0-B894-618DE7922316}
		{4BE6FB89-7975-44AD-A8B4-EFF415532E48} = {2B6ED7ED-87FA-4DB0-B894-618DE7922316}
		{5E32736F-7FCC-4D73-BF12-6572F602B983} = {78DB8F10-D4CF-4E59-B2A4-5C82C7C70A5B}
		{FEAD6181-0AE9-45FE-A51B-F908619B76C0} = {78DB8F10-D4CF-4E59-B2A4-5C82C7C70A5B}
		{B7BF3B1B-4940-4998-947A-DBB40C821A14} = {1275A2CA-000D-4D86-8513-C4C226CF6AFD}
		{33CC4DF6-B0CA-4EB0-AD1F-9A77FAF54481} = {1275A2CA-000D-4D86-8513-C4C226CF6AFD}
		{FEE06D80-62CC-46F3-9253-A7A7B094A457} = {605580C8-CEE0-4955-8048-A53D8B2F1C4D}
		{4E024B4C-518A-4CD2-84FF-B7328D1F5189} = {605580C8-CEE0-4955-8048-A53D8B2F1C4D}
		{0ABF218B-AC24-49E2-A0AC-296368D0F634} = {56B66F6B-87FC-4EC4-83DD-1D0E72EEC240}
		{B10B713F-F0FE-4FB5-8643-A97C1799CEAB} = {56B66F6B-87FC-4EC4-83DD-1D0E72EEC240}
		{34A152E7-A4BB-41DA-B181-AFD51DB0DE81} = {645895FC-9FE5-4967-8D76-B5FF8D8AFA3B}
	EndGlobalSection
EndGlobal
